{
  "name": "7pace-timetracker-autofill",
  "version": "0.1.0",
  "lockfileVersion": 2,
  "requires": true,
  "packages": {
    "": {
      "name": "7pace-timetracker-autofill",
      "version": "0.1.0",
      "license": "SEE LICENSE IN LICENSE.md",
      "dependencies": {
        "date-fns": "^2.27.0",
        "dotenv": "^10.0.0"
      },
      "devDependencies": {}
    },
    "node_modules/date-fns": {
      "version": "2.27.0",
      "resolved": "https://cegid.jfrog.io/cegid/api/npm/all-npm/date-fns/-/date-fns-2.27.0.tgz",
      "integrity": "sha1-4f88Pdu6uKLqrbthBr4pKaWi2Ss=",
      "license": "MIT",
      "engines": {
        "node": ">=0.11"
      },
      "funding": {
        "type": "opencollective",
        "url": "https://opencollective.com/date-fns"
      }
    },
    "node_modules/dotenv": {
      "version": "10.0.0",
      "resolved": "https://cegid.jfrog.io/cegid/api/npm/all-npm/dotenv/-/dotenv-10.0.0.tgz",
      "integrity": "sha1-PUInuPuV+BCWzdK2ZlP7LHCFuoE=",
      "license": "BSD-2-Clause",
      "engines": {
        "node": ">=10"
      }
    }
  },
  "dependencies": {
    "date-fns": {
      "version": "2.27.0",
      "resolved": "https://cegid.jfrog.io/cegid/api/npm/all-npm/date-fns/-/date-fns-2.27.0.tgz",
      "integrity": "sha1-4f88Pdu6uKLqrbthBr4pKaWi2Ss="
    },
    "dotenv": {
      "version": "10.0.0",
      "resolved": "https://cegid.jfrog.io/cegid/api/npm/all-npm/dotenv/-/dotenv-10.0.0.tgz",
      "integrity": "sha1-PUInuPuV+BCWzdK2ZlP7LHCFuoE="
    }
  }
}
